<Solution>
  <Project Path="Expression-bodied_Members/Expression-bodied_Members.csproj" Id="7fee176c-4c24-4964-9819-f3674bf4f93f" />
  <Project Path="Function_Extension/Function_Extension.csproj" Id="904d47a8-9c8e-4792-ae56-ff98124bf25f" />
  <Project Path="nameof_typeof_sizeof_default/nameof_typeof_sizeof_default.csproj" Id="8750219b-77ba-4f3c-a0a5-471c6583568c" />
  <Project Path="Null-Coalesing_Operators/Null-Coalesing_Operators.csproj" Id="2914f5b8-ad52-4775-b7f2-bce3b917bb71" />
  <Project Path="Nullable_Span_Bitwise/Nullable_Span_Bitwise.csproj" Id="32218b50-ccaa-47f1-a4bf-7e6ad58a3ce2" />
  <Project Path="Null_Conditional_Operators/Null_Conditional_Operators.csproj" Id="6f58c158-8247-4053-be0d-a447381db9f8" />
  <Project Path="Records/Records.csproj" Id="ac7a2922-ee0c-4633-a131-6fe8c0366712" />
  <Project Path="Reflection/Reflection.csproj" />
  <Project Path="Ref_Out_In/Ref_Out_In.csproj" Id="dbf25610-ec4f-44af-aa8f-71283eec4cf3" />
  <Project Path="Static_Constructor/Static_Constructor.csproj" Id="502eebf7-39b3-4dae-8bb1-d13787106f10" />
  <Project Path="Ternary_Conditional_Operator/Ternary_Conditional_Operator.csproj" Id="9bb76f6f-7f05-424e-9a8e-12727e386540" />
</Solution>
