
Microsoft Visual Studio Solution File, Format Version 12.00
# Visual Studio Version 17
VisualStudioVersion = 17.14.36915.13 d17.14
MinimumVisualStudioVersion = 10.0.40219.1
Project("{FAE04EC0-301F-11D3-BF4B-00C04F79EFBC}") = "Variables_and_Data_Types", "Variables_and_Data_Types\Variables_and_Data_Types.csproj", "{90D8A2F9-80E7-4826-8B2F-A930A89B632D}"
EndProject
Global
	GlobalSection(SolutionConfigurationPlatforms) = preSolution
		Debug|Any CPU = Debug|Any CPU
		Release|Any CPU = Release|Any CPU
	EndGlobalSection
	GlobalSection(ProjectConfigurationPlatforms) = postSolution
		{90D8A2F9-80E7-4826-8B2F-A930A89B632D}.Debug|Any CPU.ActiveCfg = Debug|Any CPU
		{90D8A2F9-80E7-4826-8B2F-A930A89B632D}.Debug|Any CPU.Build.0 = Debug|Any CPU
		{90D8A2F9-80E7-4826-8B2F-A930A89B632D}.Release|Any CPU.ActiveCfg = Release|Any CPU
		{90D8A2F9-80E7-4826-8B2F-A930A89B632D}.Release|Any CPU.Build.0 = Release|Any CPU
	EndGlobalSection
	GlobalSection(SolutionProperties) = preSolution
		HideSolutionNode = FALSE
	EndGlobalSection
	GlobalSection(ExtensibilityGlobals) = postSolution
		SolutionGuid = {5A76CFBD-DBAD-4A99-8B0D-C8EEDDF3242C}
	EndGlobalSection
EndGlobal
