
Microsoft Visual Studio Solution File, Format Version 12.00
# Visual Studio Version 17
VisualStudioVersion = 17.14.36915.13
MinimumVisualStudioVersion = 10.0.40219.1
Project("{FAE04EC0-301F-11D3-BF4B-00C04F79EFBC}") = "Variables_and_Data_Types", "Variables_and_Data_Types\Variables_and_Data_Types.csproj", "{90D8A2F9-80E7-4826-8B2F-A930A89B632D}"
EndProject
Project("{FAE04EC0-301F-11D3-BF4B-00C04F79EFBC}") = "Logic_and_If_Statement", "Logic_and_If_Statement\Logic_and_If_Statement.csproj", "{EB8FDF6B-AC46-4A10-A8D0-A25431E113C2}"
EndProject
Project("{FAE04EC0-301F-11D3-BF4B-00C04F79EFBC}") = "Switch", "Switch\Switch.csproj", "{27495720-3639-4F15-B94E-DAA449751DA1}"
EndProject
Project("{FAE04EC0-301F-11D3-BF4B-00C04F79EFBC}") = "Functions_and_Scopes", "Functions_and_Scopes\Functions_and_Scopes.csproj", "{10A484F9-058C-415F-8D68-617599E84CB8}"
EndProject
Global
	GlobalSection(SolutionConfigurationPlatforms) = preSolution
		Debug|Any CPU = Debug|Any CPU
		Release|Any CPU = Release|Any CPU
	EndGlobalSection
	GlobalSection(ProjectConfigurationPlatforms) = postSolution
		{90D8A2F9-80E7-4826-8B2F-A930A89B632D}.Debug|Any CPU.ActiveCfg = Debug|Any CPU
		{90D8A2F9-80E7-4826-8B2F-A930A89B632D}.Debug|Any CPU.Build.0 = Debug|Any CPU
		{90D8A2F9-80E7-4826-8B2F-A930A89B632D}.Release|Any CPU.ActiveCfg = Release|Any CPU
		{90D8A2F9-80E7-4826-8B2F-A930A89B632D}.Release|Any CPU.Build.0 = Release|Any CPU
		{EB8FDF6B-AC46-4A10-A8D0-A25431E113C2}.Debug|Any CPU.ActiveCfg = Debug|Any CPU
		{EB8FDF6B-AC46-4A10-A8D0-A25431E113C2}.Debug|Any CPU.Build.0 = Debug|Any CPU
		{EB8FDF6B-AC46-4A10-A8D0-A25431E113C2}.Release|Any CPU.ActiveCfg = Release|Any CPU
		{EB8FDF6B-AC46-4A10-A8D0-A25431E113C2}.Release|Any CPU.Build.0 = Release|Any CPU
		{27495720-3639-4F15-B94E-DAA449751DA1}.Debug|Any CPU.ActiveCfg = Debug|Any CPU
		{27495720-3639-4F15-B94E-DAA449751DA1}.Debug|Any CPU.Build.0 = Debug|Any CPU
		{27495720-3639-4F15-B94E-DAA449751DA1}.Release|Any CPU.ActiveCfg = Release|Any CPU
		{27495720-3639-4F15-B94E-DAA449751DA1}.Release|Any CPU.Build.0 = Release|Any CPU
		{10A484F9-058C-415F-8D68-617599E84CB8}.Debug|Any CPU.ActiveCfg = Debug|Any CPU
		{10A484F9-058C-415F-8D68-617599E84CB8}.Debug|Any CPU.Build.0 = Debug|Any CPU
		{10A484F9-058C-415F-8D68-617599E84CB8}.Release|Any CPU.ActiveCfg = Release|Any CPU
		{10A484F9-058C-415F-8D68-617599E84CB8}.Release|Any CPU.Build.0 = Release|Any CPU
	EndGlobalSection
	GlobalSection(SolutionProperties) = preSolution
		HideSolutionNode = FALSE
	EndGlobalSection
	GlobalSection(ExtensibilityGlobals) = postSolution
		SolutionGuid = {5A76CFBD-DBAD-4A99-8B0D-C8EEDDF3242C}
	EndGlobalSection
EndGlobal
