
Microsoft Visual Studio Solution File, Format Version 12.00
# Visual Studio Version 18
VisualStudioVersion = 18.3.11505.172
MinimumVisualStudioVersion = 10.0.40219.1
Project("{FAE04EC0-301F-11D3-BF4B-00C04F79EFBC}") = "Enum", "Enum\Enum.csproj", "{B450C767-0B60-4692-A199-E604459705E2}"
EndProject
Project("{FAE04EC0-301F-11D3-BF4B-00C04F79EFBC}") = "Properties", "Properties\Properties.csproj", "{809B53CD-AA60-462F-9585-FF027CA86863}"
EndProject
Project("{FAE04EC0-301F-11D3-BF4B-00C04F79EFBC}") = "Multidimentional_Array_and_Nested_Loops", "Multidimentional_Array_and_Nested_Loops\Multidimentional_Array_and_Nested_Loops.csproj", "{DC15F23C-504A-441D-954A-F7F0E730DCF2}"
EndProject
Project("{FAE04EC0-301F-11D3-BF4B-00C04F79EFBC}") = "Recursion", "Recursion\Recursion.csproj", "{F6E123B0-A5AD-4888-A9F9-BCC49436EE66}"
EndProject
Project("{FAE04EC0-301F-11D3-BF4B-00C04F79EFBC}") = "Dictionary", "Dictionary\Dictionary.csproj", "{AEAEE104-0B29-4421-BCA0-4C582F75C98A}"
EndProject
Project("{FAE04EC0-301F-11D3-BF4B-00C04F79EFBC}") = "Stack_Queue_HashSet", "Stack_Queue_HashSet\Stack_Queue_HashSet.csproj", "{6AFA7F9F-17D2-4316-916A-CB6DB2EE01E0}"
EndProject
Project("{FAE04EC0-301F-11D3-BF4B-00C04F79EFBC}") = "Params_and_Optional_Parameters", "Params_and_Optional_Parameters\Params_and_Optional_Parameters.csproj", "{F92C501B-BF34-46C4-A358-C9CC2E3EFF1C}"
EndProject
Project("{FAE04EC0-301F-11D3-BF4B-00C04F79EFBC}") = "Structs", "Structs\Structs.csproj", "{2785CAA6-170F-4226-9980-2F1E58C2DC59}"
EndProject
Project("{FAE04EC0-301F-11D3-BF4B-00C04F79EFBC}") = "Inheritance_Overrides_Polymorphism", "Inheritance_Overrides_Polymorphism\Inheritance_Overrides_Polymorphism.csproj", "{8FAF5D9F-8464-486F-9B3C-1140DC061131}"
EndProject
Project("{FAE04EC0-301F-11D3-BF4B-00C04F79EFBC}") = "Interfaces", "Interfaces\Interfaces.csproj", "{4DD7E570-B45D-44DB-9097-5B6FE69378E5}"
EndProject
Project("{FAE04EC0-301F-11D3-BF4B-00C04F79EFBC}") = "TypeCasting_is_as", "TypeCasting_is_as\TypeCasting_is_as.csproj", "{89F2D8DF-036B-4391-B3D4-815977AAD912}"
EndProject
Project("{FAE04EC0-301F-11D3-BF4B-00C04F79EFBC}") = "Switch_Patern_Matching", "Switch_Patern_Matching\Switch_Patern_Matching.csproj", "{36EDC2A4-0E9B-48DB-BE16-615C427DD1BE}"
EndProject
Project("{FAE04EC0-301F-11D3-BF4B-00C04F79EFBC}") = "Delegates", "Delegates\Delegates.csproj", "{89B31E74-F0D0-4EDC-8DE8-C429EF6E455E}"
EndProject
Project("{FAE04EC0-301F-11D3-BF4B-00C04F79EFBC}") = "Lambda_Vs_Local_Function", "Lambda_Vs_Local_Function\Lambda_Vs_Local_Function.csproj", "{EA6260A0-0B31-499D-8248-418D29C60CC8}"
EndProject
Global
	GlobalSection(SolutionConfigurationPlatforms) = preSolution
		Debug|Any CPU = Debug|Any CPU
		Release|Any CPU = Release|Any CPU
	EndGlobalSection
	GlobalSection(ProjectConfigurationPlatforms) = postSolution
		{B450C767-0B60-4692-A199-E604459705E2}.Debug|Any CPU.ActiveCfg = Debug|Any CPU
		{B450C767-0B60-4692-A199-E604459705E2}.Debug|Any CPU.Build.0 = Debug|Any CPU
		{B450C767-0B60-4692-A199-E604459705E2}.Release|Any CPU.ActiveCfg = Release|Any CPU
		{B450C767-0B60-4692-A199-E604459705E2}.Release|Any CPU.Build.0 = Release|Any CPU
		{809B53CD-AA60-462F-9585-FF027CA86863}.Debug|Any CPU.ActiveCfg = Debug|Any CPU
		{809B53CD-AA60-462F-9585-FF027CA86863}.Debug|Any CPU.Build.0 = Debug|Any CPU
		{809B53CD-AA60-462F-9585-FF027CA86863}.Release|Any CPU.ActiveCfg = Release|Any CPU
		{809B53CD-AA60-462F-9585-FF027CA86863}.Release|Any CPU.Build.0 = Release|Any CPU
		{DC15F23C-504A-441D-954A-F7F0E730DCF2}.Debug|Any CPU.ActiveCfg = Debug|Any CPU
		{DC15F23C-504A-441D-954A-F7F0E730DCF2}.Debug|Any CPU.Build.0 = Debug|Any CPU
		{DC15F23C-504A-441D-954A-F7F0E730DCF2}.Release|Any CPU.ActiveCfg = Release|Any CPU
		{DC15F23C-504A-441D-954A-F7F0E730DCF2}.Release|Any CPU.Build.0 = Release|Any CPU
		{F6E123B0-A5AD-4888-A9F9-BCC49436EE66}.Debug|Any CPU.ActiveCfg = Debug|Any CPU
		{F6E123B0-A5AD-4888-A9F9-BCC49436EE66}.Debug|Any CPU.Build.0 = Debug|Any CPU
		{F6E123B0-A5AD-4888-A9F9-BCC49436EE66}.Release|Any CPU.ActiveCfg = Release|Any CPU
		{F6E123B0-A5AD-4888-A9F9-BCC49436EE66}.Release|Any CPU.Build.0 = Release|Any CPU
		{AEAEE104-0B29-4421-BCA0-4C582F75C98A}.Debug|Any CPU.ActiveCfg = Debug|Any CPU
		{AEAEE104-0B29-4421-BCA0-4C582F75C98A}.Debug|Any CPU.Build.0 = Debug|Any CPU
		{AEAEE104-0B29-4421-BCA0-4C582F75C98A}.Release|Any CPU.ActiveCfg = Release|Any CPU
		{AEAEE104-0B29-4421-BCA0-4C582F75C98A}.Release|Any CPU.Build.0 = Release|Any CPU
		{6AFA7F9F-17D2-4316-916A-CB6DB2EE01E0}.Debug|Any CPU.ActiveCfg = Debug|Any CPU
		{6AFA7F9F-17D2-4316-916A-CB6DB2EE01E0}.Debug|Any CPU.Build.0 = Debug|Any CPU
		{6AFA7F9F-17D2-4316-916A-CB6DB2EE01E0}.Release|Any CPU.ActiveCfg = Release|Any CPU
		{6AFA7F9F-17D2-4316-916A-CB6DB2EE01E0}.Release|Any CPU.Build.0 = Release|Any CPU
		{F92C501B-BF34-46C4-A358-C9CC2E3EFF1C}.Debug|Any CPU.ActiveCfg = Debug|Any CPU
		{F92C501B-BF34-46C4-A358-C9CC2E3EFF1C}.Debug|Any CPU.Build.0 = Debug|Any CPU
		{F92C501B-BF34-46C4-A358-C9CC2E3EFF1C}.Release|Any CPU.ActiveCfg = Release|Any CPU
		{F92C501B-BF34-46C4-A358-C9CC2E3EFF1C}.Release|Any CPU.Build.0 = Release|Any CPU
		{2785CAA6-170F-4226-9980-2F1E58C2DC59}.Debug|Any CPU.ActiveCfg = Debug|Any CPU
		{2785CAA6-170F-4226-9980-2F1E58C2DC59}.Debug|Any CPU.Build.0 = Debug|Any CPU
		{2785CAA6-170F-4226-9980-2F1E58C2DC59}.Release|Any CPU.ActiveCfg = Release|Any CPU
		{2785CAA6-170F-4226-9980-2F1E58C2DC59}.Release|Any CPU.Build.0 = Release|Any CPU
		{8FAF5D9F-8464-486F-9B3C-1140DC061131}.Debug|Any CPU.ActiveCfg = Debug|Any CPU
		{8FAF5D9F-8464-486F-9B3C-1140DC061131}.Debug|Any CPU.Build.0 = Debug|Any CPU
		{8FAF5D9F-8464-486F-9B3C-1140DC061131}.Release|Any CPU.ActiveCfg = Release|Any CPU
		{8FAF5D9F-8464-486F-9B3C-1140DC061131}.Release|Any CPU.Build.0 = Release|Any CPU
		{4DD7E570-B45D-44DB-9097-5B6FE69378E5}.Debug|Any CPU.ActiveCfg = Debug|Any CPU
		{4DD7E570-B45D-44DB-9097-5B6FE69378E5}.Debug|Any CPU.Build.0 = Debug|Any CPU
		{4DD7E570-B45D-44DB-9097-5B6FE69378E5}.Release|Any CPU.ActiveCfg = Release|Any CPU
		{4DD7E570-B45D-44DB-9097-5B6FE69378E5}.Release|Any CPU.Build.0 = Release|Any CPU
		{89F2D8DF-036B-4391-B3D4-815977AAD912}.Debug|Any CPU.ActiveCfg = Debug|Any CPU
		{89F2D8DF-036B-4391-B3D4-815977AAD912}.Debug|Any CPU.Build.0 = Debug|Any CPU
		{89F2D8DF-036B-4391-B3D4-815977AAD912}.Release|Any CPU.ActiveCfg = Release|Any CPU
		{89F2D8DF-036B-4391-B3D4-815977AAD912}.Release|Any CPU.Build.0 = Release|Any CPU
		{36EDC2A4-0E9B-48DB-BE16-615C427DD1BE}.Debug|Any CPU.ActiveCfg = Debug|Any CPU
		{36EDC2A4-0E9B-48DB-BE16-615C427DD1BE}.Debug|Any CPU.Build.0 = Debug|Any CPU
		{36EDC2A4-0E9B-48DB-BE16-615C427DD1BE}.Release|Any CPU.ActiveCfg = Release|Any CPU
		{36EDC2A4-0E9B-48DB-BE16-615C427DD1BE}.Release|Any CPU.Build.0 = Release|Any CPU
		{89B31E74-F0D0-4EDC-8DE8-C429EF6E455E}.Debug|Any CPU.ActiveCfg = Debug|Any CPU
		{89B31E74-F0D0-4EDC-8DE8-C429EF6E455E}.Debug|Any CPU.Build.0 = Debug|Any CPU
		{89B31E74-F0D0-4EDC-8DE8-C429EF6E455E}.Release|Any CPU.ActiveCfg = Release|Any CPU
		{89B31E74-F0D0-4EDC-8DE8-C429EF6E455E}.Release|Any CPU.Build.0 = Release|Any CPU
		{EA6260A0-0B31-499D-8248-418D29C60CC8}.Debug|Any CPU.ActiveCfg = Debug|Any CPU
		{EA6260A0-0B31-499D-8248-418D29C60CC8}.Debug|Any CPU.Build.0 = Debug|Any CPU
		{EA6260A0-0B31-499D-8248-418D29C60CC8}.Release|Any CPU.ActiveCfg = Release|Any CPU
		{EA6260A0-0B31-499D-8248-418D29C60CC8}.Release|Any CPU.Build.0 = Release|Any CPU
	EndGlobalSection
	GlobalSection(SolutionProperties) = preSolution
		HideSolutionNode = FALSE
	EndGlobalSection
	GlobalSection(ExtensibilityGlobals) = postSolution
		SolutionGuid = {20761B00-616F-4510-926D-DC8FD54EDCA2}
	EndGlobalSection
EndGlobal
